// !$*UTF8*$!
{
	archiveVersion = 1;
	classes = {
	};
	objectVersion = 56;
	objects = {

/* Begin PBXBuildFile section */
		1D2298CB2ADF885F007C1D70 /* IsepMisbah.ttf in Resources */ = {isa = PBXBuildFile; fileRef = 1D2298C82ADF885F007C1D70 /* IsepMisbah.ttf */; };
		1D2298CC2ADF885F007C1D70 /* AlQalamMajeed.ttf in Resources */ = {isa = PBXBuildFile; fileRef = 1D2298C92ADF885F007C1D70 /* AlQalamMajeed.ttf */; };
		1D2298CD2ADF885F007C1D70 /* NooreHira.ttf in Resources */ = {isa = PBXBuildFile; fileRef = 1D2298CA2ADF885F007C1D70 /* NooreHira.ttf */; };
		1D2298D12ADFAF3B007C1D70 /* Settings.swift in Sources */ = {isa = PBXBuildFile; fileRef = 1D2298D02ADFAF3B007C1D70 /* Settings.swift */; };
		1D3F9CC42ADE7ADA006A70EE /* SettingsViewModel.swift in Sources */ = {isa = PBXBuildFile; fileRef = 1D3F9CC32ADE7ADA006A70EE /* SettingsViewModel.swift */; };
		1D3F9CCA2ADE8046006A70EE /* SettingsToolbar.swift in Sources */ = {isa = PBXBuildFile; fileRef = 1D3F9CC92ADE8046006A70EE /* SettingsToolbar.swift */; };
		1D3F9CCC2ADE8188006A70EE /* CustomFont.swift in Sources */ = {isa = PBXBuildFile; fileRef = 1D3F9CCB2ADE8188006A70EE /* CustomFont.swift */; };
		1D579CB92ADB9B6600AFAE81 /* Quran.swift in Sources */ = {isa = PBXBuildFile; fileRef = 1D579CB82ADB9B6600AFAE81 /* Quran.swift */; };
		1D579CBB2ADB9B9500AFAE81 /* quran.json in Resources */ = {isa = PBXBuildFile; fileRef = 1D579CBA2ADB9B9500AFAE81 /* quran.json */; };
		1D579CC02ADB9D2B00AFAE81 /* QuranViewModel.swift in Sources */ = {isa = PBXBuildFile; fileRef = 1D579CBF2ADB9D2B00AFAE81 /* QuranViewModel.swift */; };
		1D579CC22ADBDD1900AFAE81 /* SurahView.swift in Sources */ = {isa = PBXBuildFile; fileRef = 1D579CC12ADBDD1900AFAE81 /* SurahView.swift */; };
		1D579CC42ADCE03D00AFAE81 /* Extensions.swift in Sources */ = {isa = PBXBuildFile; fileRef = 1D579CC32ADCE03D00AFAE81 /* Extensions.swift */; };
		1DB66FEC2AD19C58002FDA84 /* SimpleQuranApp.swift in Sources */ = {isa = PBXBuildFile; fileRef = 1DB66FEB2AD19C58002FDA84 /* SimpleQuranApp.swift */; };
		1DB66FEE2AD19C58002FDA84 /* QuranView.swift in Sources */ = {isa = PBXBuildFile; fileRef = 1DB66FED2AD19C58002FDA84 /* QuranView.swift */; };
		1DB66FF22AD19C59002FDA84 /* Assets.xcassets in Resources */ = {isa = PBXBuildFile; fileRef = 1DB66FF12AD19C59002FDA84 /* Assets.xcassets */; };
		1DB66FF62AD19C59002FDA84 /* Preview Assets.xcassets in Resources */ = {isa = PBXBuildFile; fileRef = 1DB66FF52AD19C59002FDA84 /* Preview Assets.xcassets */; };
		1DDDFAB52AE0E4A30071193F /* UserDefaultsValues.swift in Sources */ = {isa = PBXBuildFile; fileRef = 1DDDFAB42AE0E4A30071193F /* UserDefaultsValues.swift */; };
		340CDFDA4AD5CC2ABD08D676 /* Pods_SimpleQuran.framework in Frameworks */ = {isa = PBXBuildFile; fileRef = 4D3953FD94F39BB7C2AAF5F7 /* Pods_SimpleQuran.framework */; };
/* End PBXBuildFile section */

/* Begin PBXFileReference section */
		1D2298C82ADF885F007C1D70 /* IsepMisbah.ttf */ = {isa = PBXFileReference; lastKnownFileType = file; name = IsepMisbah.ttf; path = ../../../simple_quran/assets/fonts/IsepMisbah.ttf; sourceTree = "<group>"; };
		1D2298C92ADF885F007C1D70 /* AlQalamMajeed.ttf */ = {isa = PBXFileReference; lastKnownFileType = file; name = AlQalamMajeed.ttf; path = ../../../simple_quran/assets/fonts/AlQalamMajeed.ttf; sourceTree = "<group>"; };
		1D2298CA2ADF885F007C1D70 /* NooreHira.ttf */ = {isa = PBXFileReference; lastKnownFileType = file; name = NooreHira.ttf; path = ../../../simple_quran/assets/fonts/NooreHira.ttf; sourceTree = "<group>"; };
		1D2298D02ADFAF3B007C1D70 /* Settings.swift */ = {isa = PBXFileReference; lastKnownFileType = sourcecode.swift; path = Settings.swift; sourceTree = "<group>"; };
		1D3F9CC22ADE7A2E006A70EE /* Info.plist */ = {isa = PBXFileReference; lastKnownFileType = text.plist; path = Info.plist; sourceTree = "<group>"; };
		1D3F9CC32ADE7ADA006A70EE /* SettingsViewModel.swift */ = {isa = PBXFileReference; lastKnownFileType = sourcecode.swift; path = SettingsViewModel.swift; sourceTree = "<group>"; };
		1D3F9CC92ADE8046006A70EE /* SettingsToolbar.swift */ = {isa = PBXFileReference; lastKnownFileType = sourcecode.swift; path = SettingsToolbar.swift; sourceTree = "<group>"; };
		1D3F9CCB2ADE8188006A70EE /* CustomFont.swift */ = {isa = PBXFileReference; lastKnownFileType = sourcecode.swift; path = CustomFont.swift; sourceTree = "<group>"; };
		1D579CB82ADB9B6600AFAE81 /* Quran.swift */ = {isa = PBXFileReference; lastKnownFileType = sourcecode.swift; path = Quran.swift; sourceTree = "<group>"; };
		1D579CBA2ADB9B9500AFAE81 /* quran.json */ = {isa = PBXFileReference; fileEncoding = 4; lastKnownFileType = text.json; path = quran.json; sourceTree = "<group>"; };
		1D579CBF2ADB9D2B00AFAE81 /* QuranViewModel.swift */ = {isa = PBXFileReference; lastKnownFileType = sourcecode.swift; path = QuranViewModel.swift; sourceTree = "<group>"; };
		1D579CC12ADBDD1900AFAE81 /* SurahView.swift */ = {isa = PBXFileReference; lastKnownFileType = sourcecode.swift; path = SurahView.swift; sourceTree = "<group>"; };
		1D579CC32ADCE03D00AFAE81 /* Extensions.swift */ = {isa = PBXFileReference; lastKnownFileType = sourcecode.swift; path = Extensions.swift; sourceTree = "<group>"; };
		1DB66FE82AD19C58002FDA84 /* SimpleQuran.app */ = {isa = PBXFileReference; explicitFileType = wrapper.application; includeInIndex = 0; path = SimpleQuran.app; sourceTree = BUILT_PRODUCTS_DIR; };
		1DB66FEB2AD19C58002FDA84 /* SimpleQuranApp.swift */ = {isa = PBXFileReference; lastKnownFileType = sourcecode.swift; path = SimpleQuranApp.swift; sourceTree = "<group>"; };
		1DB66FED2AD19C58002FDA84 /* QuranView.swift */ = {isa = PBXFileReference; lastKnownFileType = sourcecode.swift; path = QuranView.swift; sourceTree = "<group>"; };
		1DB66FF12AD19C59002FDA84 /* Assets.xcassets */ = {isa = PBXFileReference; lastKnownFileType = folder.assetcatalog; path = Assets.xcassets; sourceTree = "<group>"; };
		1DB66FF32AD19C59002FDA84 /* SimpleQuran.entitlements */ = {isa = PBXFileReference; lastKnownFileType = text.plist.entitlements; path = SimpleQuran.entitlements; sourceTree = "<group>"; };
		1DB66FF52AD19C59002FDA84 /* Preview Assets.xcassets */ = {isa = PBXFileReference; lastKnownFileType = folder.assetcatalog; path = "Preview Assets.xcassets"; sourceTree = "<group>"; };
		1DDDFAB42AE0E4A30071193F /* UserDefaultsValues.swift */ = {isa = PBXFileReference; lastKnownFileType = sourcecode.swift; path = UserDefaultsValues.swift; sourceTree = "<group>"; };
		4D3953FD94F39BB7C2AAF5F7 /* Pods_SimpleQuran.framework */ = {isa = PBXFileReference; explicitFileType = wrapper.framework; includeInIndex = 0; path = Pods_SimpleQuran.framework; sourceTree = BUILT_PRODUCTS_DIR; };
		C2FEBC27436D10D3D6D4B6B4 /* Pods-SimpleQuran.release.xcconfig */ = {isa = PBXFileReference; includeInIndex = 1; lastKnownFileType = text.xcconfig; name = "Pods-SimpleQuran.release.xcconfig"; path = "Target Support Files/Pods-SimpleQuran/Pods-SimpleQuran.release.xcconfig"; sourceTree = "<group>"; };
		CAC475D537EAF01C033F0A69 /* Pods-SimpleQuran.debug.xcconfig */ = {isa = PBXFileReference; includeInIndex = 1; lastKnownFileType = text.xcconfig; name = "Pods-SimpleQuran.debug.xcconfig"; path = "Target Support Files/Pods-SimpleQuran/Pods-SimpleQuran.debug.xcconfig"; sourceTree = "<group>"; };
/* End PBXFileReference section */

/* Begin PBXFrameworksBuildPhase section */
		1DB66FE52AD19C58002FDA84 /* Frameworks */ = {
			isa = PBXFrameworksBuildPhase;
			buildActionMask = 2147483647;
			files = (
				340CDFDA4AD5CC2ABD08D676 /* Pods_SimpleQuran.framework in Frameworks */,
			);
			runOnlyForDeploymentPostprocessing = 0;
		};
/* End PBXFrameworksBuildPhase section */

/* Begin PBXGroup section */
		1D2298C12ADF87A9007C1D70 /* CustomFonts */ = {
			isa = PBXGroup;
			children = (
				1D2298C92ADF885F007C1D70 /* AlQalamMajeed.ttf */,
				1D2298C82ADF885F007C1D70 /* IsepMisbah.ttf */,
				1D2298CA2ADF885F007C1D70 /* NooreHira.ttf */,
			);
			path = CustomFonts;
			sourceTree = "<group>";
		};
		1D3F9CC52ADE7B9B006A70EE /* Views */ = {
			isa = PBXGroup;
			children = (
				1D3F9CC82ADE8024006A70EE /* ViewModifiers */,
				1DB66FED2AD19C58002FDA84 /* QuranView.swift */,
				1D579CC12ADBDD1900AFAE81 /* SurahView.swift */,
			);
			path = Views;
			sourceTree = "<group>";
		};
		1D3F9CC82ADE8024006A70EE /* ViewModifiers */ = {
			isa = PBXGroup;
			children = (
				1D3F9CC92ADE8046006A70EE /* SettingsToolbar.swift */,
				1D3F9CCB2ADE8188006A70EE /* CustomFont.swift */,
			);
			path = ViewModifiers;
			sourceTree = "<group>";
		};
		1D579CB12ADA6F8A00AFAE81 /* Models */ = {
			isa = PBXGroup;
			children = (
				1D579CB82ADB9B6600AFAE81 /* Quran.swift */,
				1D2298D02ADFAF3B007C1D70 /* Settings.swift */,
			);
			path = Models;
			sourceTree = "<group>";
		};
		1D579CBE2ADB9D1800AFAE81 /* ViewModels */ = {
			isa = PBXGroup;
			children = (
				1D579CBF2ADB9D2B00AFAE81 /* QuranViewModel.swift */,
				1D3F9CC32ADE7ADA006A70EE /* SettingsViewModel.swift */,
			);
			path = ViewModels;
			sourceTree = "<group>";
		};
		1DB66FDF2AD19C58002FDA84 = {
			isa = PBXGroup;
			children = (
				AC047188E9B4C4E9F9106DF3 /* Frameworks */,
				DB1D2045A3BE37CB0ABCFE72 /* Pods */,
				1DB66FE92AD19C58002FDA84 /* Products */,
				1DB66FEA2AD19C58002FDA84 /* SimpleQuran */,
			);
			sourceTree = "<group>";
		};
		1DB66FE92AD19C58002FDA84 /* Products */ = {
			isa = PBXGroup;
			children = (
				1DB66FE82AD19C58002FDA84 /* SimpleQuran.app */,
			);
			name = Products;
			sourceTree = "<group>";
		};
		1DB66FEA2AD19C58002FDA84 /* SimpleQuran */ = {
			isa = PBXGroup;
			children = (
				1DB66FEB2AD19C58002FDA84 /* SimpleQuranApp.swift */,
				1DB66FF12AD19C59002FDA84 /* Assets.xcassets */,
				1DDDFAB32AE0E4850071193F /* Utils */,
				1DB66FF32AD19C59002FDA84 /* SimpleQuran.entitlements */,
				1D579CBA2ADB9B9500AFAE81 /* quran.json */,
				1D3F9CC22ADE7A2E006A70EE /* Info.plist */,
				1D2298C12ADF87A9007C1D70 /* CustomFonts */,
				1D579CB12ADA6F8A00AFAE81 /* Models */,
				1DB66FF42AD19C59002FDA84 /* Preview Content */,
				1D579CBE2ADB9D1800AFAE81 /* ViewModels */,
				1D3F9CC52ADE7B9B006A70EE /* Views */,
			);
			path = SimpleQuran;
			sourceTree = "<group>";
		};
		1DB66FF42AD19C59002FDA84 /* Preview Content */ = {
			isa = PBXGroup;
			children = (
				1DB66FF52AD19C59002FDA84 /* Preview Assets.xcassets */,
			);
			path = "Preview Content";
			sourceTree = "<group>";
		};
		1DDDFAB32AE0E4850071193F /* Utils */ = {
			isa = PBXGroup;
			children = (
				1D579CC32ADCE03D00AFAE81 /* Extensions.swift */,
				1DDDFAB42AE0E4A30071193F /* UserDefaultsValues.swift */,
			);
			path = Utils;
			sourceTree = "<group>";
		};
		AC047188E9B4C4E9F9106DF3 /* Frameworks */ = {
			isa = PBXGroup;
			children = (
				4D3953FD94F39BB7C2AAF5F7 /* Pods_SimpleQuran.framework */,
			);
			name = Frameworks;
			sourceTree = "<group>";
		};
		DB1D2045A3BE37CB0ABCFE72 /* Pods */ = {
			isa = PBXGroup;
			children = (
				CAC475D537EAF01C033F0A69 /* Pods-SimpleQuran.debug.xcconfig */,
				C2FEBC27436D10D3D6D4B6B4 /* Pods-SimpleQuran.release.xcconfig */,
			);
			path = Pods;
			sourceTree = "<group>";
		};
/* End PBXGroup section */

/* Begin PBXNativeTarget section */
		1DB66FE72AD19C58002FDA84 /* SimpleQuran */ = {
			isa = PBXNativeTarget;
			buildConfigurationList = 1DB66FF92AD19C59002FDA84 /* Build configuration list for PBXNativeTarget "SimpleQuran" */;
			buildPhases = (
				1D4F4E9B452799F3BC67D2BC /* [CP] Check Pods Manifest.lock */,
				1DB66FE42AD19C58002FDA84 /* Sources */,
				1DB66FE52AD19C58002FDA84 /* Frameworks */,
				1DB66FE62AD19C58002FDA84 /* Resources */,
				36868F75C2B30BEA01ADE1DB /* [CP] Embed Pods Frameworks */,
			);
			buildRules = (
			);
			dependencies = (
			);
			name = SimpleQuran;
			packageProductDependencies = (
			);
			productName = SimpleQuran;
			productReference = 1DB66FE82AD19C58002FDA84 /* SimpleQuran.app */;
			productType = "com.apple.product-type.application";
		};
/* End PBXNativeTarget section */

/* Begin PBXProject section */
		1DB66FE02AD19C58002FDA84 /* Project object */ = {
			isa = PBXProject;
			attributes = {
				BuildIndependentTargetsInParallel = 1;
				LastSwiftUpdateCheck = 1500;
				LastUpgradeCheck = 1500;
				TargetAttributes = {
					1DB66FE72AD19C58002FDA84 = {
						CreatedOnToolsVersion = 15.0;
					};
				};
			};
			buildConfigurationList = 1DB66FE32AD19C58002FDA84 /* Build configuration list for PBXProject "SimpleQuran" */;
			compatibilityVersion = "Xcode 14.0";
			developmentRegion = en;
			hasScannedForEncodings = 0;
			knownRegions = (
				en,
				Base,
			);
			mainGroup = 1DB66FDF2AD19C58002FDA84;
			packageReferences = (
			);
			productRefGroup = 1DB66FE92AD19C58002FDA84 /* Products */;
			projectDirPath = "";
			projectRoot = "";
			targets = (
				1DB66FE72AD19C58002FDA84 /* SimpleQuran */,
			);
		};
/* End PBXProject section */

/* Begin PBXResourcesBuildPhase section */
		1DB66FE62AD19C58002FDA84 /* Resources */ = {
			isa = PBXResourcesBuildPhase;
			buildActionMask = 2147483647;
			files = (
				1D579CBB2ADB9B9500AFAE81 /* quran.json in Resources */,
				1D2298CC2ADF885F007C1D70 /* AlQalamMajeed.ttf in Resources */,
				1DB66FF62AD19C59002FDA84 /* Preview Assets.xcassets in Resources */,
				1DB66FF22AD19C59002FDA84 /* Assets.xcassets in Resources */,
				1D2298CD2ADF885F007C1D70 /* NooreHira.ttf in Resources */,
				1D2298CB2ADF885F007C1D70 /* IsepMisbah.ttf in Resources */,
			);
			runOnlyForDeploymentPostprocessing = 0;
		};
/* End PBXResourcesBuildPhase section */

/* Begin PBXShellScriptBuildPhase section */
		1D4F4E9B452799F3BC67D2BC /* [CP] Check Pods Manifest.lock */ = {
			isa = PBXShellScriptBuildPhase;
			buildActionMask = 2147483647;
			files = (
			);
			inputFileListPaths = (
			);
			inputPaths = (
				"${PODS_PODFILE_DIR_PATH}/Podfile.lock",
				"${PODS_ROOT}/Manifest.lock",
			);
			name = "[CP] Check Pods Manifest.lock";
			outputFileListPaths = (
			);
			outputPaths = (
				"$(DERIVED_FILE_DIR)/Pods-SimpleQuran-checkManifestLockResult.txt",
			);
			runOnlyForDeploymentPostprocessing = 0;
			shellPath = /bin/sh;
			shellScript = "diff \"${PODS_PODFILE_DIR_PATH}/Podfile.lock\" \"${PODS_ROOT}/Manifest.lock\" > /dev/null\nif [ $? != 0 ] ; then\n    # print error to STDERR\n    echo \"error: The sandbox is not in sync with the Podfile.lock. Run 'pod install' or update your CocoaPods installation.\" >&2\n    exit 1\nfi\n# This output is used by Xcode 'outputs' to avoid re-running this script phase.\necho \"SUCCESS\" > \"${SCRIPT_OUTPUT_FILE_0}\"\n";
			showEnvVarsInLog = 0;
		};
		36868F75C2B30BEA01ADE1DB /* [CP] Embed Pods Frameworks */ = {
			isa = PBXShellScriptBuildPhase;
			buildActionMask = 2147483647;
			files = (
			);
			inputFileListPaths = (
				"${PODS_ROOT}/Target Support Files/Pods-SimpleQuran/Pods-SimpleQuran-frameworks-${CONFIGURATION}-input-files.xcfilelist",
			);
			name = "[CP] Embed Pods Frameworks";
			outputFileListPaths = (
				"${PODS_ROOT}/Target Support Files/Pods-SimpleQuran/Pods-SimpleQuran-frameworks-${CONFIGURATION}-output-files.xcfilelist",
			);
			runOnlyForDeploymentPostprocessing = 0;
			shellPath = /bin/sh;
			shellScript = "\"${PODS_ROOT}/Target Support Files/Pods-SimpleQuran/Pods-SimpleQuran-frameworks.sh\"\n";
			showEnvVarsInLog = 0;
		};
/* End PBXShellScriptBuildPhase section */

/* Begin PBXSourcesBuildPhase section */
		1DB66FE42AD19C58002FDA84 /* Sources */ = {
			isa = PBXSourcesBuildPhase;
			buildActionMask = 2147483647;
			files = (
				1D579CB92ADB9B6600AFAE81 /* Quran.swift in Sources */,
				1D579CC42ADCE03D00AFAE81 /* Extensions.swift in Sources */,
				1DB66FEE2AD19C58002FDA84 /* QuranView.swift in Sources */,
				1D3F9CCA2ADE8046006A70EE /* SettingsToolbar.swift in Sources */,
				1D3F9CCC2ADE8188006A70EE /* CustomFont.swift in Sources */,
				1DB66FEC2AD19C58002FDA84 /* SimpleQuranApp.swift in Sources */,
				1D579CC02ADB9D2B00AFAE81 /* QuranViewModel.swift in Sources */,
				1D579CC22ADBDD1900AFAE81 /* SurahView.swift in Sources */,
				1D2298D12ADFAF3B007C1D70 /* Settings.swift in Sources */,
				1DDDFAB52AE0E4A30071193F /* UserDefaultsValues.swift in Sources */,
				1D3F9CC42ADE7ADA006A70EE /* SettingsViewModel.swift in Sources */,
			);
			runOnlyForDeploymentPostprocessing = 0;
		};
/* End PBXSourcesBuildPhase section */

/* Begin XCBuildConfiguration section */
		1DB66FF72AD19C59002FDA84 /* Debug */ = {
			isa = XCBuildConfiguration;
			buildSettings = {
				ALWAYS_SEARCH_USER_PATHS = NO;
				ASSETCATALOG_COMPILER_GENERATE_SWIFT_ASSET_SYMBOL_EXTENSIONS = YES;
				CLANG_ANALYZER_NONNULL = YES;
				CLANG_ANALYZER_NUMBER_OBJECT_CONVERSION = YES_AGGRESSIVE;
				CLANG_CXX_LANGUAGE_STANDARD = "gnu++20";
				CLANG_ENABLE_MODULES = YES;
				CLANG_ENABLE_OBJC_ARC = YES;
				CLANG_ENABLE_OBJC_WEAK = YES;
				CLANG_WARN_BLOCK_CAPTURE_AUTORELEASING = YES;
				CLANG_WARN_BOOL_CONVERSION = YES;
				CLANG_WARN_COMMA = YES;
				CLANG_WARN_CONSTANT_CONVERSION = YES;
				CLANG_WARN_DEPRECATED_OBJC_IMPLEMENTATIONS = YES;
				CLANG_WARN_DIRECT_OBJC_ISA_USAGE = YES_ERROR;
				CLANG_WARN_DOCUMENTATION_COMMENTS = YES;
				CLANG_WARN_EMPTY_BODY = YES;
				CLANG_WARN_ENUM_CONVERSION = YES;
				CLANG_WARN_INFINITE_RECURSION = YES;
				CLANG_WARN_INT_CONVERSION = YES;
				CLANG_WARN_NON_LITERAL_NULL_CONVERSION = YES;
				CLANG_WARN_OBJC_IMPLICIT_RETAIN_SELF = YES;
				CLANG_WARN_OBJC_LITERAL_CONVERSION = YES;
				CLANG_WARN_OBJC_ROOT_CLASS = YES_ERROR;
				CLANG_WARN_QUOTED_INCLUDE_IN_FRAMEWORK_HEADER = YES;
				CLANG_WARN_RANGE_LOOP_ANALYSIS = YES;
				CLANG_WARN_STRICT_PROTOTYPES = YES;
				CLANG_WARN_SUSPICIOUS_MOVE = YES;
				CLANG_WARN_UNGUARDED_AVAILABILITY = YES_AGGRESSIVE;
				CLANG_WARN_UNREACHABLE_CODE = YES;
				CLANG_WARN__DUPLICATE_METHOD_MATCH = YES;
				COPY_PHASE_STRIP = NO;
				DEBUG_INFORMATION_FORMAT = dwarf;
				ENABLE_STRICT_OBJC_MSGSEND = YES;
				ENABLE_TESTABILITY = YES;
				ENABLE_USER_SCRIPT_SANDBOXING = YES;
				GCC_C_LANGUAGE_STANDARD = gnu17;
				GCC_DYNAMIC_NO_PIC = NO;
				GCC_NO_COMMON_BLOCKS = YES;
				GCC_OPTIMIZATION_LEVEL = 0;
				GCC_PREPROCESSOR_DEFINITIONS = (
					"DEBUG=1",
					"$(inherited)",
				);
				GCC_WARN_64_TO_32_BIT_CONVERSION = YES;
				GCC_WARN_ABOUT_RETURN_TYPE = YES_ERROR;
				GCC_WARN_UNDECLARED_SELECTOR = YES;
				GCC_WARN_UNINITIALIZED_AUTOS = YES_AGGRESSIVE;
				GCC_WARN_UNUSED_FUNCTION = YES;
				GCC_WARN_UNUSED_VARIABLE = YES;
				LOCALIZATION_PREFERS_STRING_CATALOGS = YES;
				MTL_ENABLE_DEBUG_INFO = INCLUDE_SOURCE;
				MTL_FAST_MATH = YES;
				ONLY_ACTIVE_ARCH = YES;
				SWIFT_ACTIVE_COMPILATION_CONDITIONS = "DEBUG $(inherited)";
				SWIFT_OPTIMIZATION_LEVEL = "-Onone";
			};
			name = Debug;
		};
		1DB66FF82AD19C59002FDA84 /* Release */ = {
			isa = XCBuildConfiguration;
			buildSettings = {
				ALWAYS_SEARCH_USER_PATHS = NO;
				ASSETCATALOG_COMPILER_GENERATE_SWIFT_ASSET_SYMBOL_EXTENSIONS = YES;
				CLANG_ANALYZER_NONNULL = YES;
				CLANG_ANALYZER_NUMBER_OBJECT_CONVERSION = YES_AGGRESSIVE;
				CLANG_CXX_LANGUAGE_STANDARD = "gnu++20";
				CLANG_ENABLE_MODULES = YES;
				CLANG_ENABLE_OBJC_ARC = YES;
				CLANG_ENABLE_OBJC_WEAK = YES;
				CLANG_WARN_BLOCK_CAPTURE_AUTORELEASING = YES;
				CLANG_WARN_BOOL_CONVERSION = YES;
				CLANG_WARN_COMMA = YES;
				CLANG_WARN_CONSTANT_CONVERSION = YES;
				CLANG_WARN_DEPRECATED_OBJC_IMPLEMENTATIONS = YES;
				CLANG_WARN_DIRECT_OBJC_ISA_USAGE = YES_ERROR;
				CLANG_WARN_DOCUMENTATION_COMMENTS = YES;
				CLANG_WARN_EMPTY_BODY = YES;
				CLANG_WARN_ENUM_CONVERSION = YES;
				CLANG_WARN_INFINITE_RECURSION = YES;
				CLANG_WARN_INT_CONVERSION = YES;
				CLANG_WARN_NON_LITERAL_NULL_CONVERSION = YES;
				CLANG_WARN_OBJC_IMPLICIT_RETAIN_SELF = YES;
				CLANG_WARN_OBJC_LITERAL_CONVERSION = YES;
				CLANG_WARN_OBJC_ROOT_CLASS = YES_ERROR;
				CLANG_WARN_QUOTED_INCLUDE_IN_FRAMEWORK_HEADER = YES;
				CLANG_WARN_RANGE_LOOP_ANALYSIS = YES;
				CLANG_WARN_STRICT_PROTOTYPES = YES;
				CLANG_WARN_SUSPICIOUS_MOVE = YES;
				CLANG_WARN_UNGUARDED_AVAILABILITY = YES_AGGRESSIVE;
				CLANG_WARN_UNREACHABLE_CODE = YES;
				CLANG_WARN__DUPLICATE_METHOD_MATCH = YES;
				COPY_PHASE_STRIP = NO;
				DEBUG_INFORMATION_FORMAT = "dwarf-with-dsym";
				ENABLE_NS_ASSERTIONS = NO;
				ENABLE_STRICT_OBJC_MSGSEND = YES;
				ENABLE_USER_SCRIPT_SANDBOXING = YES;
				GCC_C_LANGUAGE_STANDARD = gnu17;
				GCC_NO_COMMON_BLOCKS = YES;
				GCC_WARN_64_TO_32_BIT_CONVERSION = YES;
				GCC_WARN_ABOUT_RETURN_TYPE = YES_ERROR;
				GCC_WARN_UNDECLARED_SELECTOR = YES;
				GCC_WARN_UNINITIALIZED_AUTOS = YES_AGGRESSIVE;
				GCC_WARN_UNUSED_FUNCTION = YES;
				GCC_WARN_UNUSED_VARIABLE = YES;
				LOCALIZATION_PREFERS_STRING_CATALOGS = YES;
				MTL_ENABLE_DEBUG_INFO = NO;
				MTL_FAST_MATH = YES;
				SWIFT_COMPILATION_MODE = wholemodule;
			};
			name = Release;
		};
		1DB66FFA2AD19C59002FDA84 /* Debug */ = {
			isa = XCBuildConfiguration;
			baseConfigurationReference = CAC475D537EAF01C033F0A69 /* Pods-SimpleQuran.debug.xcconfig */;
			buildSettings = {
				ASSETCATALOG_COMPILER_APPICON_NAME = AppIcon;
				ASSETCATALOG_COMPILER_GLOBAL_ACCENT_COLOR_NAME = AccentColor;
				CODE_SIGN_ENTITLEMENTS = SimpleQuran/SimpleQuran.entitlements;
				CODE_SIGN_STYLE = Automatic;
				CURRENT_PROJECT_VERSION = 1;
				DEVELOPMENT_ASSET_PATHS = "\"SimpleQuran/Preview Content\"";
				DEVELOPMENT_TEAM = 2CAR96C925;
				ENABLE_HARDENED_RUNTIME = YES;
				ENABLE_PREVIEWS = YES;
				ENABLE_USER_SCRIPT_SANDBOXING = NO;
				GENERATE_INFOPLIST_FILE = YES;
				INFOPLIST_FILE = SimpleQuran/Info.plist;
				"INFOPLIST_KEY_UIApplicationSceneManifest_Generation[sdk=iphoneos*]" = YES;
				"INFOPLIST_KEY_UIApplicationSceneManifest_Generation[sdk=iphonesimulator*]" = YES;
				"INFOPLIST_KEY_UIApplicationSupportsIndirectInputEvents[sdk=iphoneos*]" = YES;
				"INFOPLIST_KEY_UIApplicationSupportsIndirectInputEvents[sdk=iphonesimulator*]" = YES;
				"INFOPLIST_KEY_UILaunchScreen_Generation[sdk=iphoneos*]" = YES;
				"INFOPLIST_KEY_UILaunchScreen_Generation[sdk=iphonesimulator*]" = YES;
				"INFOPLIST_KEY_UIStatusBarStyle[sdk=iphoneos*]" = UIStatusBarStyleDefault;
				"INFOPLIST_KEY_UIStatusBarStyle[sdk=iphonesimulator*]" = UIStatusBarStyleDefault;
				INFOPLIST_KEY_UISupportedInterfaceOrientations_iPad = "UIInterfaceOrientationPortrait UIInterfaceOrientationPortraitUpsideDown UIInterfaceOrientationLandscapeLeft UIInterfaceOrientationLandscapeRight";
				INFOPLIST_KEY_UISupportedInterfaceOrientations_iPhone = "UIInterfaceOrientationPortrait UIInterfaceOrientationLandscapeLeft UIInterfaceOrientationLandscapeRight";
				IPHONEOS_DEPLOYMENT_TARGET = 17.0;
				LD_RUNPATH_SEARCH_PATHS = "@executable_path/Frameworks";
				"LD_RUNPATH_SEARCH_PATHS[sdk=macosx*]" = "@executable_path/../Frameworks";
				MACOSX_DEPLOYMENT_TARGET = 14.0;
				MARKETING_VERSION = 1.0;
				OTHER_LDFLAGS = (
					"-Xlinker",
					"-interposable",
				);
				PRODUCT_BUNDLE_IDENTIFIER = com.iiemb.SimpleQuran;
				PRODUCT_NAME = "$(TARGET_NAME)";
				SDKROOT = auto;
				SUPPORTED_PLATFORMS = "iphoneos iphonesimulator macosx";
				SWIFT_EMIT_LOC_STRINGS = YES;
				SWIFT_VERSION = 5.0;
				TARGETED_DEVICE_FAMILY = "1,2";
			};
			name = Debug;
		};
		1DB66FFB2AD19C59002FDA84 /* Release */ = {
			isa = XCBuildConfiguration;
			baseConfigurationReference = C2FEBC27436D10D3D6D4B6B4 /* Pods-SimpleQuran.release.xcconfig */;
			buildSettings = {
				ASSETCATALOG_COMPILER_APPICON_NAME = AppIcon;
				ASSETCATALOG_COMPILER_GLOBAL_ACCENT_COLOR_NAME = AccentColor;
				CODE_SIGN_ENTITLEMENTS = SimpleQuran/SimpleQuran.entitlements;
				CODE_SIGN_STYLE = Automatic;
				CURRENT_PROJECT_VERSION = 1;
				DEVELOPMENT_ASSET_PATHS = "\"SimpleQuran/Preview Content\"";
				DEVELOPMENT_TEAM = 2CAR96C925;
				ENABLE_HARDENED_RUNTIME = YES;
				ENABLE_PREVIEWS = YES;
				ENABLE_USER_SCRIPT_SANDBOXING = NO;
				GENERATE_INFOPLIST_FILE = YES;
				INFOPLIST_FILE = SimpleQuran/Info.plist;
				"INFOPLIST_KEY_UIApplicationSceneManifest_Generation[sdk=iphoneos*]" = YES;
				"INFOPLIST_KEY_UIApplicationSceneManifest_Generation[sdk=iphonesimulator*]" = YES;
				"INFOPLIST_KEY_UIApplicationSupportsIndirectInputEvents[sdk=iphoneos*]" = YES;
				"INFOPLIST_KEY_UIApplicationSupportsIndirectInputEvents[sdk=iphonesimulator*]" = YES;
				"INFOPLIST_KEY_UILaunchScreen_Generation[sdk=iphoneos*]" = YES;
				"INFOPLIST_KEY_UILaunchScreen_Generation[sdk=iphonesimulator*]" = YES;
				"INFOPLIST_KEY_UIStatusBarStyle[sdk=iphoneos*]" = UIStatusBarStyleDefault;
				"INFOPLIST_KEY_UIStatusBarStyle[sdk=iphonesimulator*]" = UIStatusBarStyleDefault;
				INFOPLIST_KEY_UISupportedInterfaceOrientations_iPad = "UIInterfaceOrientationPortrait UIInterfaceOrientationPortraitUpsideDown UIInterfaceOrientationLandscapeLeft UIInterfaceOrientationLandscapeRight";
				INFOPLIST_KEY_UISupportedInterfaceOrientations_iPhone = "UIInterfaceOrientationPortrait UIInterfaceOrientationLandscapeLeft UIInterfaceOrientationLandscapeRight";
				IPHONEOS_DEPLOYMENT_TARGET = 17.0;
				LD_RUNPATH_SEARCH_PATHS = "@executable_path/Frameworks";
				"LD_RUNPATH_SEARCH_PATHS[sdk=macosx*]" = "@executable_path/../Frameworks";
				MACOSX_DEPLOYMENT_TARGET = 14.0;
				MARKETING_VERSION = 1.0;
				PRODUCT_BUNDLE_IDENTIFIER = com.iiemb.SimpleQuran;
				PRODUCT_NAME = "$(TARGET_NAME)";
				SDKROOT = auto;
				SUPPORTED_PLATFORMS = "iphoneos iphonesimulator macosx";
				SWIFT_EMIT_LOC_STRINGS = YES;
				SWIFT_VERSION = 5.0;
				TARGETED_DEVICE_FAMILY = "1,2";
			};
			name = Release;
		};
/* End XCBuildConfiguration section */

/* Begin XCConfigurationList section */
		1DB66FE32AD19C58002FDA84 /* Build configuration list for PBXProject "SimpleQuran" */ = {
			isa = XCConfigurationList;
			buildConfigurations = (
				1DB66FF72AD19C59002FDA84 /* Debug */,
				1DB66FF82AD19C59002FDA84 /* Release */,
			);
			defaultConfigurationIsVisible = 0;
			defaultConfigurationName = Release;
		};
		1DB66FF92AD19C59002FDA84 /* Build configuration list for PBXNativeTarget "SimpleQuran" */ = {
			isa = XCConfigurationList;
			buildConfigurations = (
				1DB66FFA2AD19C59002FDA84 /* Debug */,
				1DB66FFB2AD19C59002FDA84 /* Release */,
			);
			defaultConfigurationIsVisible = 0;
			defaultConfigurationName = Release;
		};
/* End XCConfigurationList section */
	};
	rootObject = 1DB66FE02AD19C58002FDA84 /* Project object */;
}
